<?xml version="1.0" encoding="utf-8"?>
<Project ToolsVersion="4.0" xmlns="http://schemas.microsoft.com/developer/msbuild/2003">
  <ItemGroup>
    <Filter Include="Oszi">
      <UniqueIdentifier>{CA5A8A7C-B691-8B0D-5F7E-71104B94070F}</UniqueIdentifier>
    </Filter>
  </ItemGroup>
  <ItemGroup>
    <ClInclude Include="src\Oszi.h" />
    <ClInclude Include="src\Oszi\Application.h">
      <Filter>Oszi</Filter>
    </ClInclude>
    <ClInclude Include="src\Oszi\Core.h">
      <Filter>Oszi</Filter>
    </ClInclude>
    <ClInclude Include="src\Oszi\Log.h">
      <Filter>Oszi</Filter>
    </ClInclude>
    <ClInclude Include="src\Oszi\Program.h">
      <Filter>Oszi</Filter>
    </ClInclude>
    <ClInclude Include="src\ozpch.h" />
  </ItemGroup>
  <ItemGroup>
    <ClCompile Include="src\Oszi\Application.cpp">
      <Filter>Oszi</Filter>
    </ClCompile>
    <ClCompile Include="src\Oszi\Log.cpp">
      <Filter>Oszi</Filter>
    </ClCompile>
    <ClCompile Include="src\ozpch.cpp" />
  </ItemGroup>
</Project>